<?xml version="1.0" encoding="utf-8"?>
<Project ToolsVersion="4.0" xmlns="http://schemas.microsoft.com/developer/msbuild/2003">
  <ItemGroup>
    <Filter Include="Source Files">
      <UniqueIdentifier>{4FC737F1-C7A5-4376-A066-2A32D752A2FF}</UniqueIdentifier>
      <Extensions>cpp;c;cc;cxx;c++;def;odl;idl;hpj;bat;asm;asmx</Extensions>
    </Filter>
    <Filter Include="Header Files">
      <UniqueIdentifier>{93995380-89BD-4b04-88EB-625FBE52EBFB}</UniqueIdentifier>
      <Extensions>h;hh;hpp;hxx;h++;hm;inl;inc;ipp;xsd</Extensions>
    </Filter>
    <Filter Include="Resource Files">
      <UniqueIdentifier>{67DA6AB6-F800-4c08-8B7A-83BB121AAD01}</UniqueIdentifier>
      <Extensions>rc;ico;cur;bmp;dlg;rc2;rct;bin;rgs;gif;jpg;jpeg;jpe;resx;tiff;tif;png;wav;mfcribbon-ms</Extensions>
    </Filter>
    <Filter Include="Header Files\Search&amp;Algorithms">
      <UniqueIdentifier>{35ca75cc-dae5-4ee9-bf40-54f67394b259}</UniqueIdentifier>
    </Filter>
    <Filter Include="Header Files\Demo">
      <UniqueIdentifier>{835f2613-4932-429a-b6f7-1860b4e82c74}</UniqueIdentifier>
    </Filter>
    <Filter Include="Header Files\MVC">
      <UniqueIdentifier>{1bc9b8b7-f2d8-46d4-a79a-60001909c9ed}</UniqueIdentifier>
    </Filter>
    <Filter Include="Header Files\Observer&amp;Observable">
      <UniqueIdentifier>{e2144bc1-1c46-4884-87be-6978e64c8fcb}</UniqueIdentifier>
    </Filter>
    <Filter Include="Header Files\MultiTypes">
      <UniqueIdentifier>{c5d3259b-e73b-4069-a4a4-48e3d1220656}</UniqueIdentifier>
    </Filter>
    <Filter Include="Header Files\Maze">
      <UniqueIdentifier>{203961f2-a827-476f-99a3-119bb4c01ca7}</UniqueIdentifier>
    </Filter>
    <Filter Include="Source Files\Maze">
      <UniqueIdentifier>{6af4cbae-c5a5-48b7-8bd3-58005b166f21}</UniqueIdentifier>
    </Filter>
    <Filter Include="Header Files\Generator">
      <UniqueIdentifier>{0f684213-3113-42dd-b7f4-5ce8d3c991ff}</UniqueIdentifier>
    </Filter>
    <Filter Include="Source Files\Generator">
      <UniqueIdentifier>{2fae0937-5b08-4ccf-a3c1-fe3757aa64a2}</UniqueIdentifier>
    </Filter>
    <Filter Include="Source Files\Demo">
      <UniqueIdentifier>{415e65d3-f7ef-49c8-889d-05da04abf5c4}</UniqueIdentifier>
    </Filter>
    <Filter Include="Source Files\Search-Maze">
      <UniqueIdentifier>{55a98c42-0817-4212-80c9-8101e904064c}</UniqueIdentifier>
    </Filter>
    <Filter Include="Header Files\Commands">
      <UniqueIdentifier>{f713069b-bf98-4343-8d78-148f32c4ada4}</UniqueIdentifier>
    </Filter>
    <Filter Include="Source Files\Commands">
      <UniqueIdentifier>{7588cb28-bfce-481c-af32-1b4d740fa147}</UniqueIdentifier>
    </Filter>
    <Filter Include="Source Files\MVC">
      <UniqueIdentifier>{b18d5662-caed-48b7-ad1e-6450ebe77fa0}</UniqueIdentifier>
    </Filter>
  </ItemGroup>
  <ItemGroup>
    <ClCompile Include="Source.cpp">
      <Filter>Source Files</Filter>
    </ClCompile>
    <ClCompile Include="Maze2d.cpp">
      <Filter>Source Files\Maze</Filter>
    </ClCompile>
    <ClCompile Include="Position.cpp">
      <Filter>Source Files\Maze</Filter>
    </ClCompile>
    <ClCompile Include="Maze2dGeneratorA.cpp">
      <Filter>Source Files\Generator</Filter>
    </ClCompile>
    <ClCompile Include="MyMaze2dGenerator.cpp">
      <Filter>Source Files\Generator</Filter>
    </ClCompile>
    <ClCompile Include="SimpleMaze2dGenerator.cpp">
      <Filter>Source Files\Generator</Filter>
    </ClCompile>
    <ClCompile Include="Demo.cpp">
      <Filter>Source Files\Demo</Filter>
    </ClCompile>
    <ClCompile Include="Maze2dSearchable.cpp">
      <Filter>Source Files\Search-Maze</Filter>
    </ClCompile>
    <ClCompile Include="DirPathCommand.cpp">
      <Filter>Source Files\Commands</Filter>
    </ClCompile>
    <ClCompile Include="GenerateMazeCommand.cpp">
      <Filter>Source Files\Commands</Filter>
    </ClCompile>
    <ClCompile Include="DisplayCommand.cpp">
      <Filter>Source Files\Commands</Filter>
    </ClCompile>
    <ClCompile Include="SaveMazeCommand.cpp">
      <Filter>Source Files\Commands</Filter>
    </ClCompile>
    <ClCompile Include="LoadMazeCommand.cpp">
      <Filter>Source Files\Commands</Filter>
    </ClCompile>
    <ClCompile Include="SolveCommand.cpp">
      <Filter>Source Files\Commands</Filter>
    </ClCompile>
    <ClCompile Include="MazeSizeCommand.cpp">
      <Filter>Source Files\Commands</Filter>
    </ClCompile>
    <ClCompile Include="FileSizeCommand.cpp">
      <Filter>Source Files\Commands</Filter>
    </ClCompile>
    <ClCompile Include="DisplaySolutionCommand.cpp">
      <Filter>Source Files\Commands</Filter>
    </ClCompile>
    <ClCompile Include="MyController.cpp">
      <Filter>Source Files\MVC</Filter>
    </ClCompile>
    <ClCompile Include="MyModel.cpp">
      <Filter>Source Files\MVC</Filter>
    </ClCompile>
  </ItemGroup>
  <ItemGroup>
    <ClInclude Include="Maze2dGenerator.h">
      <Filter>Header Files\Generator</Filter>
    </ClInclude>
    <ClInclude Include="Maze2dGeneratorA.h">
      <Filter>Header Files\Generator</Filter>
    </ClInclude>
    <ClInclude Include="SimpleMaze2dGenerator.h">
      <Filter>Header Files\Generator</Filter>
    </ClInclude>
    <ClInclude Include="MyMaze2dGenerator.h">
      <Filter>Header Files\Generator</Filter>
    </ClInclude>
    <ClInclude Include="AStar.h">
      <Filter>Header Files\Search&amp;Algorithms</Filter>
    </ClInclude>
    <ClInclude Include="BFS.h">
      <Filter>Header Files\Search&amp;Algorithms</Filter>
    </ClInclude>
    <ClInclude Include="Maze2dSearchable.h">
      <Filter>Header Files\Search&amp;Algorithms</Filter>
    </ClInclude>
    <ClInclude Include="Maze2dState.h">
      <Filter>Header Files\Search&amp;Algorithms</Filter>
    </ClInclude>
    <ClInclude Include="Searchable.h">
      <Filter>Header Files\Search&amp;Algorithms</Filter>
    </ClInclude>
    <ClInclude Include="Searcher.h">
      <Filter>Header Files\Search&amp;Algorithms</Filter>
    </ClInclude>
    <ClInclude Include="Solution.h">
      <Filter>Header Files\Search&amp;Algorithms</Filter>
    </ClInclude>
    <ClInclude Include="State.h">
      <Filter>Header Files\Search&amp;Algorithms</Filter>
    </ClInclude>
    <ClInclude Include="Demo.h">
      <Filter>Header Files\Demo</Filter>
    </ClInclude>
    <ClInclude Include="CommonSearcher.h">
      <Filter>Header Files\Search&amp;Algorithms</Filter>
    </ClInclude>
    <ClInclude Include="Model.h">
      <Filter>Header Files\MVC</Filter>
    </ClInclude>
    <ClInclude Include="View.h">
      <Filter>Header Files\MVC</Filter>
    </ClInclude>
    <ClInclude Include="MyModel.h">
      <Filter>Header Files\MVC</Filter>
    </ClInclude>
    <ClInclude Include="MyView.h">
      <Filter>Header Files\MVC</Filter>
    </ClInclude>
    <ClInclude Include="Controller.h">
      <Filter>Header Files\MVC</Filter>
    </ClInclude>
    <ClInclude Include="MyController.h">
      <Filter>Header Files\MVC</Filter>
    </ClInclude>
    <ClInclude Include="Observable.h">
      <Filter>Header Files\Observer&amp;Observable</Filter>
    </ClInclude>
    <ClInclude Include="Observer.h">
      <Filter>Header Files\Observer&amp;Observable</Filter>
    </ClInclude>
    <ClInclude Include="MazeCompression.h">
      <Filter>Header Files</Filter>
    </ClInclude>
    <ClInclude Include="MultiTypes.h">
      <Filter>Header Files\MultiTypes</Filter>
    </ClInclude>
    <ClInclude Include="Maze2d.h">
      <Filter>Header Files\Maze</Filter>
    </ClInclude>
    <ClInclude Include="Position.h">
      <Filter>Header Files\Maze</Filter>
    </ClInclude>
    <ClInclude Include="Cell.h">
      <Filter>Header Files\Maze</Filter>
    </ClInclude>
    <ClInclude Include="CLI.h">
      <Filter>Header Files</Filter>
    </ClInclude>
    <ClInclude Include="Command.h">
      <Filter>Header Files\Commands</Filter>
    </ClInclude>
    <ClInclude Include="DirPathCommand.h">
      <Filter>Header Files\Commands</Filter>
    </ClInclude>
    <ClInclude Include="GenerateMazeCommand.h">
      <Filter>Header Files\Commands</Filter>
    </ClInclude>
    <ClInclude Include="DisplayCommand.h">
      <Filter>Header Files\Commands</Filter>
    </ClInclude>
    <ClInclude Include="SaveMazeCommand.h">
      <Filter>Header Files\Commands</Filter>
    </ClInclude>
    <ClInclude Include="LoadMazeCommand.h">
      <Filter>Header Files\Commands</Filter>
    </ClInclude>
    <ClInclude Include="DisplaySolutionCommand.h">
      <Filter>Header Files\Commands</Filter>
    </ClInclude>
    <ClInclude Include="FileSizeCommand.h">
      <Filter>Header Files\Commands</Filter>
    </ClInclude>
    <ClInclude Include="MazeSizeCommand.h">
      <Filter>Header Files\Commands</Filter>
    </ClInclude>
    <ClInclude Include="SolveCommand.h">
      <Filter>Header Files\Commands</Filter>
    </ClInclude>
    <ClInclude Include="getFilesFromPath.h">
      <Filter>Header Files</Filter>
    </ClInclude>
  </ItemGroup>
</Project>